
Microsoft Visual Studio Solution File, Format Version 12.00
# Visual Studio Version 17
VisualStudioVersion = 17.9.34714.143
MinimumVisualStudioVersion = 10.0.40219.1
Project("{FAE04EC0-301F-11D3-BF4B-00C04F79EFBC}") = "tips lb1 .netfram", "tips lb1 .netfram\tips lb1 .netfram.csproj", "{81D2091E-B497-4E2F-83DA-6E30A38BFE70}"
EndProject
Global
	GlobalSection(SolutionConfigurationPlatforms) = preSolution
		Debug|Any CPU = Debug|Any CPU
		Release|Any CPU = Release|Any CPU
	EndGlobalSection
	GlobalSection(ProjectConfigurationPlatforms) = postSolution
		{81D2091E-B497-4E2F-83DA-6E30A38BFE70}.Debug|Any CPU.ActiveCfg = Debug|Any CPU
		{81D2091E-B497-4E2F-83DA-6E30A38BFE70}.Debug|Any CPU.Build.0 = Debug|Any CPU
		{81D2091E-B497-4E2F-83DA-6E30A38BFE70}.Release|Any CPU.ActiveCfg = Release|Any CPU
		{81D2091E-B497-4E2F-83DA-6E30A38BFE70}.Release|Any CPU.Build.0 = Release|Any CPU
	EndGlobalSection
	GlobalSection(SolutionProperties) = preSolution
		HideSolutionNode = FALSE
	EndGlobalSection
	GlobalSection(ExtensibilityGlobals) = postSolution
		SolutionGuid = {0D33F2FE-8B31-4424-AF79-9AAD46B7C565}
	EndGlobalSection
EndGlobal
